
Microsoft Visual Studio Solution File, Format Version 12.00
# Visual Studio Version 16
VisualStudioVersion = 16.0.30907.101
MinimumVisualStudioVersion = 10.0.40219.1
Project("{FAE04EC0-301F-11D3-BF4B-00C04F79EFBC}") = "HVK_Queen", "HVK_Queen\HVK_Queen.csproj", "{02640435-2534-493C-8B43-5A8A006FE2DB}"
EndProject
Global
	GlobalSection(SolutionConfigurationPlatforms) = preSolution
		Debug|Any CPU = Debug|Any CPU
		Release|Any CPU = Release|Any CPU
	EndGlobalSection
	GlobalSection(ProjectConfigurationPlatforms) = postSolution
		{02640435-2534-493C-8B43-5A8A006FE2DB}.Debug|Any CPU.ActiveCfg = Debug|Any CPU
		{02640435-2534-493C-8B43-5A8A006FE2DB}.Debug|Any CPU.Build.0 = Debug|Any CPU
		{02640435-2534-493C-8B43-5A8A006FE2DB}.Release|Any CPU.ActiveCfg = Release|Any CPU
		{02640435-2534-493C-8B43-5A8A006FE2DB}.Release|Any CPU.Build.0 = Release|Any CPU
	EndGlobalSection
	GlobalSection(SolutionProperties) = preSolution
		HideSolutionNode = FALSE
	EndGlobalSection
	GlobalSection(ExtensibilityGlobals) = postSolution
		SolutionGuid = {FEDC2152-680C-4112-9095-C7F3F82FF21D}
	EndGlobalSection
EndGlobal
